
Microsoft Visual Studio Solution File, Format Version 12.00
# Visual Studio Version 16
VisualStudioVersion = 16.0.30204.135
MinimumVisualStudioVersion = 10.0.40219.1
Project("{9A19103F-16F7-4668-BE54-9A1E7A4F7556}") = "Application", "Application\Application.csproj", "{D8ACD279-7F84-4C64-9C35-9EF52A550211}"
EndProject
Project("{9A19103F-16F7-4668-BE54-9A1E7A4F7556}") = "Domain", "Domain\Domain.csproj", "{7D9C413D-670F-47D0-9CFA-F20E69423735}"
EndProject
Project("{9A19103F-16F7-4668-BE54-9A1E7A4F7556}") = "Infrastructure", "Infrastructure\Infrastructure.csproj", "{C3B48343-5F9F-4AF4-9E2D-FBE379603B6E}"
EndProject
Project("{9A19103F-16F7-4668-BE54-9A1E7A4F7556}") = "Web", "Web\Web.csproj", "{7ED9CEB0-98DF-4D7C-8DD9-981B48D0838C}"
EndProject
Global
	GlobalSection(SolutionConfigurationPlatforms) = preSolution
		Debug|Any CPU = Debug|Any CPU
		Release|Any CPU = Release|Any CPU
	EndGlobalSection
	GlobalSection(ProjectConfigurationPlatforms) = postSolution
		{D8ACD279-7F84-4C64-9C35-9EF52A550211}.Debug|Any CPU.ActiveCfg = Debug|Any CPU
		{D8ACD279-7F84-4C64-9C35-9EF52A550211}.Debug|Any CPU.Build.0 = Debug|Any CPU
		{D8ACD279-7F84-4C64-9C35-9EF52A550211}.Release|Any CPU.ActiveCfg = Release|Any CPU
		{D8ACD279-7F84-4C64-9C35-9EF52A550211}.Release|Any CPU.Build.0 = Release|Any CPU
		{7D9C413D-670F-47D0-9CFA-F20E69423735}.Debug|Any CPU.ActiveCfg = Debug|Any CPU
		{7D9C413D-670F-47D0-9CFA-F20E69423735}.Debug|Any CPU.Build.0 = Debug|Any CPU
		{7D9C413D-670F-47D0-9CFA-F20E69423735}.Release|Any CPU.ActiveCfg = Release|Any CPU
		{7D9C413D-670F-47D0-9CFA-F20E69423735}.Release|Any CPU.Build.0 = Release|Any CPU
		{C3B48343-5F9F-4AF4-9E2D-FBE379603B6E}.Debug|Any CPU.ActiveCfg = Debug|Any CPU
		{C3B48343-5F9F-4AF4-9E2D-FBE379603B6E}.Debug|Any CPU.Build.0 = Debug|Any CPU
		{C3B48343-5F9F-4AF4-9E2D-FBE379603B6E}.Release|Any CPU.ActiveCfg = Release|Any CPU
		{C3B48343-5F9F-4AF4-9E2D-FBE379603B6E}.Release|Any CPU.Build.0 = Release|Any CPU
		{7ED9CEB0-98DF-4D7C-8DD9-981B48D0838C}.Debug|Any CPU.ActiveCfg = Debug|Any CPU
		{7ED9CEB0-98DF-4D7C-8DD9-981B48D0838C}.Debug|Any CPU.Build.0 = Debug|Any CPU
		{7ED9CEB0-98DF-4D7C-8DD9-981B48D0838C}.Release|Any CPU.ActiveCfg = Release|Any CPU
		{7ED9CEB0-98DF-4D7C-8DD9-981B48D0838C}.Release|Any CPU.Build.0 = Release|Any CPU
	EndGlobalSection
	GlobalSection(SolutionProperties) = preSolution
		HideSolutionNode = FALSE
	EndGlobalSection
	GlobalSection(ExtensibilityGlobals) = postSolution
		SolutionGuid = {53560FA4-5659-4AAC-B593-5B4F05FF0D10}
	EndGlobalSection
EndGlobal
